
Microsoft Visual Studio Solution File, Format Version 12.00
# Visual Studio 14
VisualStudioVersion = 14.0.25420.1
MinimumVisualStudioVersion = 10.0.40219.1
Project("{FAE04EC0-301F-11D3-BF4B-00C04F79EFBC}") = "IVACalc.Android", "IVACalc\IVACalc.Android\IVACalc.Android.csproj", "{5065D4D4-03C2-4B4C-A518-61DF97B3F835}"
EndProject
Project("{FAE04EC0-301F-11D3-BF4B-00C04F79EFBC}") = "IVACalc", "IVACalc\IVACalc\IVACalc.csproj", "{9A8D9575-CECB-4D6D-B4DE-400AF584EA1B}"
EndProject
Project("{FAE04EC0-301F-11D3-BF4B-00C04F79EFBC}") = "IVACalc.iOS", "IVACalc\IVACalc.iOS\IVACalc.iOS.csproj", "{B6AC1B07-C5FF-4F32-8396-265050C12069}"
EndProject
Project("{FAE04EC0-301F-11D3-BF4B-00C04F79EFBC}") = "IVACalc.Portable.Tests", "IVACalc.Portable.Tests\IVACalc.Portable.Tests.csproj", "{FF8E524B-8578-4DE5-B0EF-4EE6D8E97D63}"
EndProject
Global
	GlobalSection(SolutionConfigurationPlatforms) = preSolution
		Ad-Hoc|Any CPU = Ad-Hoc|Any CPU
		Ad-Hoc|iPhone = Ad-Hoc|iPhone
		Ad-Hoc|iPhoneSimulator = Ad-Hoc|iPhoneSimulator
		AppStore|Any CPU = AppStore|Any CPU
		AppStore|iPhone = AppStore|iPhone
		AppStore|iPhoneSimulator = AppStore|iPhoneSimulator
		Debug|Any CPU = Debug|Any CPU
		Debug|iPhone = Debug|iPhone
		Debug|iPhoneSimulator = Debug|iPhoneSimulator
		Release|Any CPU = Release|Any CPU
		Release|iPhone = Release|iPhone
		Release|iPhoneSimulator = Release|iPhoneSimulator
	EndGlobalSection
	GlobalSection(ProjectConfigurationPlatforms) = postSolution
		{5065D4D4-03C2-4B4C-A518-61DF97B3F835}.Ad-Hoc|Any CPU.ActiveCfg = Release|Any CPU
		{5065D4D4-03C2-4B4C-A518-61DF97B3F835}.Ad-Hoc|Any CPU.Build.0 = Release|Any CPU
		{5065D4D4-03C2-4B4C-A518-61DF97B3F835}.Ad-Hoc|Any CPU.Deploy.0 = Release|Any CPU
		{5065D4D4-03C2-4B4C-A518-61DF97B3F835}.Ad-Hoc|iPhone.ActiveCfg = Release|Any CPU
		{5065D4D4-03C2-4B4C-A518-61DF97B3F835}.Ad-Hoc|iPhone.Build.0 = Release|Any CPU
		{5065D4D4-03C2-4B4C-A518-61DF97B3F835}.Ad-Hoc|iPhone.Deploy.0 = Release|Any CPU
		{5065D4D4-03C2-4B4C-A518-61DF97B3F835}.Ad-Hoc|iPhoneSimulator.ActiveCfg = Release|Any CPU
		{5065D4D4-03C2-4B4C-A518-61DF97B3F835}.Ad-Hoc|iPhoneSimulator.Build.0 = Release|Any CPU
		{5065D4D4-03C2-4B4C-A518-61DF97B3F835}.Ad-Hoc|iPhoneSimulator.Deploy.0 = Release|Any CPU
		{5065D4D4-03C2-4B4C-A518-61DF97B3F835}.AppStore|Any CPU.ActiveCfg = Release|Any CPU
		{5065D4D4-03C2-4B4C-A518-61DF97B3F835}.AppStore|Any CPU.Build.0 = Release|Any CPU
		{5065D4D4-03C2-4B4C-A518-61DF97B3F835}.AppStore|Any CPU.Deploy.0 = Release|Any CPU
		{5065D4D4-03C2-4B4C-A518-61DF97B3F835}.AppStore|iPhone.ActiveCfg = Release|Any CPU
		{5065D4D4-03C2-4B4C-A518-61DF97B3F835}.AppStore|iPhone.Build.0 = Release|Any CPU
		{5065D4D4-03C2-4B4C-A518-61DF97B3F835}.AppStore|iPhone.Deploy.0 = Release|Any CPU
		{5065D4D4-03C2-4B4C-A518-61DF97B3F835}.AppStore|iPhoneSimulator.ActiveCfg = Release|Any CPU
		{5065D4D4-03C2-4B4C-A518-61DF97B3F835}.AppStore|iPhoneSimulator.Build.0 = Release|Any CPU
		{5065D4D4-03C2-4B4C-A518-61DF97B3F835}.AppStore|iPhoneSimulator.Deploy.0 = Release|Any CPU
		{5065D4D4-03C2-4B4C-A518-61DF97B3F835}.Debug|Any CPU.ActiveCfg = Debug|Any CPU
		{5065D4D4-03C2-4B4C-A518-61DF97B3F835}.Debug|Any CPU.Build.0 = Debug|Any CPU
		{5065D4D4-03C2-4B4C-A518-61DF97B3F835}.Debug|Any CPU.Deploy.0 = Debug|Any CPU
		{5065D4D4-03C2-4B4C-A518-61DF97B3F835}.Debug|iPhone.ActiveCfg = Debug|Any CPU
		{5065D4D4-03C2-4B4C-A518-61DF97B3F835}.Debug|iPhone.Build.0 = Debug|Any CPU
		{5065D4D4-03C2-4B4C-A518-61DF97B3F835}.Debug|iPhone.Deploy.0 = Debug|Any CPU
		{5065D4D4-03C2-4B4C-A518-61DF97B3F835}.Debug|iPhoneSimulator.ActiveCfg = Debug|Any CPU
		{5065D4D4-03C2-4B4C-A518-61DF97B3F835}.Debug|iPhoneSimulator.Build.0 = Debug|Any CPU
		{5065D4D4-03C2-4B4C-A518-61DF97B3F835}.Debug|iPhoneSimulator.Deploy.0 = Debug|Any CPU
		{5065D4D4-03C2-4B4C-A518-61DF97B3F835}.Release|Any CPU.ActiveCfg = Release|Any CPU
		{5065D4D4-03C2-4B4C-A518-61DF97B3F835}.Release|Any CPU.Build.0 = Release|Any CPU
		{5065D4D4-03C2-4B4C-A518-61DF97B3F835}.Release|Any CPU.Deploy.0 = Release|Any CPU
		{5065D4D4-03C2-4B4C-A518-61DF97B3F835}.Release|iPhone.ActiveCfg = Release|Any CPU
		{5065D4D4-03C2-4B4C-A518-61DF97B3F835}.Release|iPhone.Build.0 = Release|Any CPU
		{5065D4D4-03C2-4B4C-A518-61DF97B3F835}.Release|iPhone.Deploy.0 = Release|Any CPU
		{5065D4D4-03C2-4B4C-A518-61DF97B3F835}.Release|iPhoneSimulator.ActiveCfg = Release|Any CPU
		{5065D4D4-03C2-4B4C-A518-61DF97B3F835}.Release|iPhoneSimulator.Build.0 = Release|Any CPU
		{5065D4D4-03C2-4B4C-A518-61DF97B3F835}.Release|iPhoneSimulator.Deploy.0 = Release|Any CPU
		{9A8D9575-CECB-4D6D-B4DE-400AF584EA1B}.Ad-Hoc|Any CPU.ActiveCfg = Release|Any CPU
		{9A8D9575-CECB-4D6D-B4DE-400AF584EA1B}.Ad-Hoc|Any CPU.Build.0 = Release|Any CPU
		{9A8D9575-CECB-4D6D-B4DE-400AF584EA1B}.Ad-Hoc|iPhone.ActiveCfg = Release|Any CPU
		{9A8D9575-CECB-4D6D-B4DE-400AF584EA1B}.Ad-Hoc|iPhone.Build.0 = Release|Any CPU
		{9A8D9575-CECB-4D6D-B4DE-400AF584EA1B}.Ad-Hoc|iPhoneSimulator.ActiveCfg = Release|Any CPU
		{9A8D9575-CECB-4D6D-B4DE-400AF584EA1B}.Ad-Hoc|iPhoneSimulator.Build.0 = Release|Any CPU
		{9A8D9575-CECB-4D6D-B4DE-400AF584EA1B}.AppStore|Any CPU.ActiveCfg = Release|Any CPU
		{9A8D9575-CECB-4D6D-B4DE-400AF584EA1B}.AppStore|Any CPU.Build.0 = Release|Any CPU
		{9A8D9575-CECB-4D6D-B4DE-400AF584EA1B}.AppStore|iPhone.ActiveCfg = Release|Any CPU
		{9A8D9575-CECB-4D6D-B4DE-400AF584EA1B}.AppStore|iPhone.Build.0 = Release|Any CPU
		{9A8D9575-CECB-4D6D-B4DE-400AF584EA1B}.AppStore|iPhoneSimulator.ActiveCfg = Release|Any CPU
		{9A8D9575-CECB-4D6D-B4DE-400AF584EA1B}.AppStore|iPhoneSimulator.Build.0 = Release|Any CPU
		{9A8D9575-CECB-4D6D-B4DE-400AF584EA1B}.Debug|Any CPU.ActiveCfg = Debug|Any CPU
		{9A8D9575-CECB-4D6D-B4DE-400AF584EA1B}.Debug|Any CPU.Build.0 = Debug|Any CPU
		{9A8D9575-CECB-4D6D-B4DE-400AF584EA1B}.Debug|iPhone.ActiveCfg = Debug|Any CPU
		{9A8D9575-CECB-4D6D-B4DE-400AF584EA1B}.Debug|iPhone.Build.0 = Debug|Any CPU
		{9A8D9575-CECB-4D6D-B4DE-400AF584EA1B}.Debug|iPhoneSimulator.ActiveCfg = Debug|Any CPU
		{9A8D9575-CECB-4D6D-B4DE-400AF584EA1B}.Debug|iPhoneSimulator.Build.0 = Debug|Any CPU
		{9A8D9575-CECB-4D6D-B4DE-400AF584EA1B}.Release|Any CPU.ActiveCfg = Release|Any CPU
		{9A8D9575-CECB-4D6D-B4DE-400AF584EA1B}.Release|Any CPU.Build.0 = Release|Any CPU
		{9A8D9575-CECB-4D6D-B4DE-400AF584EA1B}.Release|iPhone.ActiveCfg = Release|Any CPU
		{9A8D9575-CECB-4D6D-B4DE-400AF584EA1B}.Release|iPhone.Build.0 = Release|Any CPU
		{9A8D9575-CECB-4D6D-B4DE-400AF584EA1B}.Release|iPhoneSimulator.ActiveCfg = Release|Any CPU
		{9A8D9575-CECB-4D6D-B4DE-400AF584EA1B}.Release|iPhoneSimulator.Build.0 = Release|Any CPU
		{B6AC1B07-C5FF-4F32-8396-265050C12069}.Ad-Hoc|Any CPU.ActiveCfg = Ad-Hoc|iPhone
		{B6AC1B07-C5FF-4F32-8396-265050C12069}.Ad-Hoc|iPhone.ActiveCfg = Ad-Hoc|iPhone
		{B6AC1B07-C5FF-4F32-8396-265050C12069}.Ad-Hoc|iPhone.Build.0 = Ad-Hoc|iPhone
		{B6AC1B07-C5FF-4F32-8396-265050C12069}.Ad-Hoc|iPhoneSimulator.ActiveCfg = Ad-Hoc|iPhoneSimulator
		{B6AC1B07-C5FF-4F32-8396-265050C12069}.Ad-Hoc|iPhoneSimulator.Build.0 = Ad-Hoc|iPhoneSimulator
		{B6AC1B07-C5FF-4F32-8396-265050C12069}.AppStore|Any CPU.ActiveCfg = AppStore|iPhone
		{B6AC1B07-C5FF-4F32-8396-265050C12069}.AppStore|iPhone.ActiveCfg = AppStore|iPhone
		{B6AC1B07-C5FF-4F32-8396-265050C12069}.AppStore|iPhone.Build.0 = AppStore|iPhone
		{B6AC1B07-C5FF-4F32-8396-265050C12069}.AppStore|iPhoneSimulator.ActiveCfg = AppStore|iPhoneSimulator
		{B6AC1B07-C5FF-4F32-8396-265050C12069}.AppStore|iPhoneSimulator.Build.0 = AppStore|iPhoneSimulator
		{B6AC1B07-C5FF-4F32-8396-265050C12069}.Debug|Any CPU.ActiveCfg = Debug|iPhone
		{B6AC1B07-C5FF-4F32-8396-265050C12069}.Debug|iPhone.ActiveCfg = Debug|iPhone
		{B6AC1B07-C5FF-4F32-8396-265050C12069}.Debug|iPhone.Build.0 = Debug|iPhone
		{B6AC1B07-C5FF-4F32-8396-265050C12069}.Debug|iPhoneSimulator.ActiveCfg = Debug|iPhoneSimulator
		{B6AC1B07-C5FF-4F32-8396-265050C12069}.Debug|iPhoneSimulator.Build.0 = Debug|iPhoneSimulator
		{B6AC1B07-C5FF-4F32-8396-265050C12069}.Release|Any CPU.ActiveCfg = Release|iPhone
		{B6AC1B07-C5FF-4F32-8396-265050C12069}.Release|iPhone.ActiveCfg = Release|iPhone
		{B6AC1B07-C5FF-4F32-8396-265050C12069}.Release|iPhone.Build.0 = Release|iPhone
		{B6AC1B07-C5FF-4F32-8396-265050C12069}.Release|iPhoneSimulator.ActiveCfg = Release|iPhoneSimulator
		{B6AC1B07-C5FF-4F32-8396-265050C12069}.Release|iPhoneSimulator.Build.0 = Release|iPhoneSimulator
		{FF8E524B-8578-4DE5-B0EF-4EE6D8E97D63}.Ad-Hoc|Any CPU.ActiveCfg = Release|Any CPU
		{FF8E524B-8578-4DE5-B0EF-4EE6D8E97D63}.Ad-Hoc|Any CPU.Build.0 = Release|Any CPU
		{FF8E524B-8578-4DE5-B0EF-4EE6D8E97D63}.Ad-Hoc|iPhone.ActiveCfg = Release|Any CPU
		{FF8E524B-8578-4DE5-B0EF-4EE6D8E97D63}.Ad-Hoc|iPhone.Build.0 = Release|Any CPU
		{FF8E524B-8578-4DE5-B0EF-4EE6D8E97D63}.Ad-Hoc|iPhoneSimulator.ActiveCfg = Release|Any CPU
		{FF8E524B-8578-4DE5-B0EF-4EE6D8E97D63}.Ad-Hoc|iPhoneSimulator.Build.0 = Release|Any CPU
		{FF8E524B-8578-4DE5-B0EF-4EE6D8E97D63}.AppStore|Any CPU.ActiveCfg = Release|Any CPU
		{FF8E524B-8578-4DE5-B0EF-4EE6D8E97D63}.AppStore|Any CPU.Build.0 = Release|Any CPU
		{FF8E524B-8578-4DE5-B0EF-4EE6D8E97D63}.AppStore|iPhone.ActiveCfg = Release|Any CPU
		{FF8E524B-8578-4DE5-B0EF-4EE6D8E97D63}.AppStore|iPhone.Build.0 = Release|Any CPU
		{FF8E524B-8578-4DE5-B0EF-4EE6D8E97D63}.AppStore|iPhoneSimulator.ActiveCfg = Release|Any CPU
		{FF8E524B-8578-4DE5-B0EF-4EE6D8E97D63}.AppStore|iPhoneSimulator.Build.0 = Release|Any CPU
		{FF8E524B-8578-4DE5-B0EF-4EE6D8E97D63}.Debug|Any CPU.ActiveCfg = Debug|Any CPU
		{FF8E524B-8578-4DE5-B0EF-4EE6D8E97D63}.Debug|Any CPU.Build.0 = Debug|Any CPU
		{FF8E524B-8578-4DE5-B0EF-4EE6D8E97D63}.Debug|iPhone.ActiveCfg = Debug|Any CPU
		{FF8E524B-8578-4DE5-B0EF-4EE6D8E97D63}.Debug|iPhone.Build.0 = Debug|Any CPU
		{FF8E524B-8578-4DE5-B0EF-4EE6D8E97D63}.Debug|iPhoneSimulator.ActiveCfg = Debug|Any CPU
		{FF8E524B-8578-4DE5-B0EF-4EE6D8E97D63}.Debug|iPhoneSimulator.Build.0 = Debug|Any CPU
		{FF8E524B-8578-4DE5-B0EF-4EE6D8E97D63}.Release|Any CPU.ActiveCfg = Release|Any CPU
		{FF8E524B-8578-4DE5-B0EF-4EE6D8E97D63}.Release|Any CPU.Build.0 = Release|Any CPU
		{FF8E524B-8578-4DE5-B0EF-4EE6D8E97D63}.Release|iPhone.ActiveCfg = Release|Any CPU
		{FF8E524B-8578-4DE5-B0EF-4EE6D8E97D63}.Release|iPhone.Build.0 = Release|Any CPU
		{FF8E524B-8578-4DE5-B0EF-4EE6D8E97D63}.Release|iPhoneSimulator.ActiveCfg = Release|Any CPU
		{FF8E524B-8578-4DE5-B0EF-4EE6D8E97D63}.Release|iPhoneSimulator.Build.0 = Release|Any CPU
	EndGlobalSection
	GlobalSection(SolutionProperties) = preSolution
		HideSolutionNode = FALSE
	EndGlobalSection
EndGlobal
